
Microsoft Visual Studio Solution File, Format Version 12.00
# Visual Studio Version 17
VisualStudioVersion = 17.8.34004.107
MinimumVisualStudioVersion = 10.0.40219.1
Project("{9A19103F-16F7-4668-BE54-9A1E7A4F7556}") = "DataContract", "DataContract\DataContract.csproj", "{C5AFF506-2288-4C8B-8E78-20AB348664A2}"
EndProject
Project("{9A19103F-16F7-4668-BE54-9A1E7A4F7556}") = "HotelManager", "Frontend\HotelManager.csproj", "{5B2439FD-9B44-4D4A-922F-FFDE0C0308AD}"
EndProject
Project("{2150E333-8FDC-42A3-9474-1A3956D46DE8}") = "Frontend", "Frontend", "{4BF2B5A1-57EA-4237-89FC-82AE9B5DE573}"
EndProject
Global
	GlobalSection(SolutionConfigurationPlatforms) = preSolution
		Debug|Any CPU = Debug|Any CPU
		Release|Any CPU = Release|Any CPU
	EndGlobalSection
	GlobalSection(ProjectConfigurationPlatforms) = postSolution
		{C5AFF506-2288-4C8B-8E78-20AB348664A2}.Debug|Any CPU.ActiveCfg = Debug|Any CPU
		{C5AFF506-2288-4C8B-8E78-20AB348664A2}.Debug|Any CPU.Build.0 = Debug|Any CPU
		{C5AFF506-2288-4C8B-8E78-20AB348664A2}.Release|Any CPU.ActiveCfg = Release|Any CPU
		{C5AFF506-2288-4C8B-8E78-20AB348664A2}.Release|Any CPU.Build.0 = Release|Any CPU
		{5B2439FD-9B44-4D4A-922F-FFDE0C0308AD}.Debug|Any CPU.ActiveCfg = Debug|Any CPU
		{5B2439FD-9B44-4D4A-922F-FFDE0C0308AD}.Debug|Any CPU.Build.0 = Debug|Any CPU
		{5B2439FD-9B44-4D4A-922F-FFDE0C0308AD}.Release|Any CPU.ActiveCfg = Release|Any CPU
		{5B2439FD-9B44-4D4A-922F-FFDE0C0308AD}.Release|Any CPU.Build.0 = Release|Any CPU
	EndGlobalSection
	GlobalSection(SolutionProperties) = preSolution
		HideSolutionNode = FALSE
	EndGlobalSection
	GlobalSection(NestedProjects) = preSolution
		{5B2439FD-9B44-4D4A-922F-FFDE0C0308AD} = {4BF2B5A1-57EA-4237-89FC-82AE9B5DE573}
	EndGlobalSection
	GlobalSection(ExtensibilityGlobals) = postSolution
		SolutionGuid = {0E2F6092-D3CC-4E64-9729-A58115F0E051}
	EndGlobalSection
EndGlobal
